
Microsoft Visual Studio Solution File, Format Version 12.00
# Visual Studio Version 17
VisualStudioVersion = 17.0.31903.59
MinimumVisualStudioVersion = 10.0.40219.1
Project("{2150E333-8FDC-42A3-9474-1A3956D46DE8}") = "src", "src", "{7B0E1A81-BBEC-4C74-8979-5511AA129C98}"
EndProject
Project("{FAE04EC0-301F-11D3-BF4B-00C04F79EFBC}") = "AVASDecoderChecker", "src\AVASDecoderChecker\AVASDecoderChecker.csproj", "{F943D241-A472-4D2F-B48C-E4AE8D384211}"
EndProject
Project("{2150E333-8FDC-42A3-9474-1A3956D46DE8}") = "tests", "tests", "{3B95D151-BC34-4151-AA07-F541C8CA0324}"
EndProject
Project("{FAE04EC0-301F-11D3-BF4B-00C04F79EFBC}") = "AVASDecoderChecker.Tests", "tests\AVASDecoderChecker.Tests\AVASDecoderChecker.Tests.csproj", "{BF066EBE-3B00-4D83-A3B7-792584467995}"
EndProject
Global
	GlobalSection(SolutionConfigurationPlatforms) = preSolution
		Debug|Any CPU = Debug|Any CPU
		Release|Any CPU = Release|Any CPU
	EndGlobalSection
	GlobalSection(SolutionProperties) = preSolution
		HideSolutionNode = FALSE
	EndGlobalSection
	GlobalSection(ProjectConfigurationPlatforms) = postSolution
		{F943D241-A472-4D2F-B48C-E4AE8D384211}.Debug|Any CPU.ActiveCfg = Debug|Any CPU
		{F943D241-A472-4D2F-B48C-E4AE8D384211}.Debug|Any CPU.Build.0 = Debug|Any CPU
		{F943D241-A472-4D2F-B48C-E4AE8D384211}.Release|Any CPU.ActiveCfg = Release|Any CPU
		{F943D241-A472-4D2F-B48C-E4AE8D384211}.Release|Any CPU.Build.0 = Release|Any CPU
		{BF066EBE-3B00-4D83-A3B7-792584467995}.Debug|Any CPU.ActiveCfg = Debug|Any CPU
		{BF066EBE-3B00-4D83-A3B7-792584467995}.Debug|Any CPU.Build.0 = Debug|Any CPU
		{BF066EBE-3B00-4D83-A3B7-792584467995}.Release|Any CPU.ActiveCfg = Release|Any CPU
		{BF066EBE-3B00-4D83-A3B7-792584467995}.Release|Any CPU.Build.0 = Release|Any CPU
	EndGlobalSection
	GlobalSection(NestedProjects) = preSolution
		{F943D241-A472-4D2F-B48C-E4AE8D384211} = {7B0E1A81-BBEC-4C74-8979-5511AA129C98}
		{BF066EBE-3B00-4D83-A3B7-792584467995} = {3B95D151-BC34-4151-AA07-F541C8CA0324}
	EndGlobalSection
EndGlobal
